
Microsoft Visual Studio Solution File, Format Version 12.00
# Visual Studio Version 17
VisualStudioVersion = 17.0.31903.59
MinimumVisualStudioVersion = 10.0.40219.1
Project("{2150E333-8FDC-42A3-9474-1A3956D46DE8}") = "src", "src", "{D9368A52-432A-43AD-866D-D94B184E3BB7}"
EndProject
Project("{9A19103F-16F7-4668-BE54-9A1E7A4F7556}") = "Domain", "src\PruebaEvoltis.Domain\Domain.csproj", "{A32699D4-07C5-4248-86F0-5B4430BFD75A}"
EndProject
Project("{9A19103F-16F7-4668-BE54-9A1E7A4F7556}") = "Application", "src\PruebaEvoltis.Application\Application.csproj", "{6CFD79C5-A6BC-4413-A7C9-78DD66F1F3AF}"
EndProject
Project("{9A19103F-16F7-4668-BE54-9A1E7A4F7556}") = "Infrastructure", "src\PruebaEvoltis.Infrastructure\Infrastructure.csproj", "{8ED645E4-E128-450A-AED2-25594F769A74}"
EndProject
Project("{9A19103F-16F7-4668-BE54-9A1E7A4F7556}") = "WebEvoltis.API", "src\WebEvoltis.API\WebEvoltis.API.csproj", "{93684762-1543-4081-A284-AA40EC11C794}"
EndProject
Project("{2150E333-8FDC-42A3-9474-1A3956D46DE8}") = "test", "test", "{037E9FBF-4D12-46C0-BD30-6938B64D59AD}"
EndProject
Project("{9A19103F-16F7-4668-BE54-9A1E7A4F7556}") = "TestEvoltis.Tests", "test\TestEvoltis.Tests\TestEvoltis.Tests.csproj", "{86122748-51E4-46C5-9B71-154FEDE86316}"
EndProject
Global
	GlobalSection(SolutionConfigurationPlatforms) = preSolution
		Debug|Any CPU = Debug|Any CPU
		Release|Any CPU = Release|Any CPU
	EndGlobalSection
	GlobalSection(ProjectConfigurationPlatforms) = postSolution
		{A32699D4-07C5-4248-86F0-5B4430BFD75A}.Debug|Any CPU.ActiveCfg = Debug|Any CPU
		{A32699D4-07C5-4248-86F0-5B4430BFD75A}.Debug|Any CPU.Build.0 = Debug|Any CPU
		{A32699D4-07C5-4248-86F0-5B4430BFD75A}.Release|Any CPU.ActiveCfg = Release|Any CPU
		{A32699D4-07C5-4248-86F0-5B4430BFD75A}.Release|Any CPU.Build.0 = Release|Any CPU
		{6CFD79C5-A6BC-4413-A7C9-78DD66F1F3AF}.Debug|Any CPU.ActiveCfg = Debug|Any CPU
		{6CFD79C5-A6BC-4413-A7C9-78DD66F1F3AF}.Debug|Any CPU.Build.0 = Debug|Any CPU
		{6CFD79C5-A6BC-4413-A7C9-78DD66F1F3AF}.Release|Any CPU.ActiveCfg = Release|Any CPU
		{6CFD79C5-A6BC-4413-A7C9-78DD66F1F3AF}.Release|Any CPU.Build.0 = Release|Any CPU
		{8ED645E4-E128-450A-AED2-25594F769A74}.Debug|Any CPU.ActiveCfg = Debug|Any CPU
		{8ED645E4-E128-450A-AED2-25594F769A74}.Debug|Any CPU.Build.0 = Debug|Any CPU
		{8ED645E4-E128-450A-AED2-25594F769A74}.Release|Any CPU.ActiveCfg = Release|Any CPU
		{8ED645E4-E128-450A-AED2-25594F769A74}.Release|Any CPU.Build.0 = Release|Any CPU
		{93684762-1543-4081-A284-AA40EC11C794}.Debug|Any CPU.ActiveCfg = Debug|Any CPU
		{93684762-1543-4081-A284-AA40EC11C794}.Debug|Any CPU.Build.0 = Debug|Any CPU
		{93684762-1543-4081-A284-AA40EC11C794}.Release|Any CPU.ActiveCfg = Release|Any CPU
		{93684762-1543-4081-A284-AA40EC11C794}.Release|Any CPU.Build.0 = Release|Any CPU
		{86122748-51E4-46C5-9B71-154FEDE86316}.Debug|Any CPU.ActiveCfg = Debug|Any CPU
		{86122748-51E4-46C5-9B71-154FEDE86316}.Debug|Any CPU.Build.0 = Debug|Any CPU
		{86122748-51E4-46C5-9B71-154FEDE86316}.Release|Any CPU.ActiveCfg = Release|Any CPU
		{86122748-51E4-46C5-9B71-154FEDE86316}.Release|Any CPU.Build.0 = Release|Any CPU
	EndGlobalSection
	GlobalSection(SolutionProperties) = preSolution
		HideSolutionNode = FALSE
	EndGlobalSection
	GlobalSection(NestedProjects) = preSolution
		{A32699D4-07C5-4248-86F0-5B4430BFD75A} = {D9368A52-432A-43AD-866D-D94B184E3BB7}
		{6CFD79C5-A6BC-4413-A7C9-78DD66F1F3AF} = {D9368A52-432A-43AD-866D-D94B184E3BB7}
		{8ED645E4-E128-450A-AED2-25594F769A74} = {D9368A52-432A-43AD-866D-D94B184E3BB7}
		{93684762-1543-4081-A284-AA40EC11C794} = {D9368A52-432A-43AD-866D-D94B184E3BB7}
		{86122748-51E4-46C5-9B71-154FEDE86316} = {037E9FBF-4D12-46C0-BD30-6938B64D59AD}
	EndGlobalSection
EndGlobal
