
Microsoft Visual Studio Solution File, Format Version 12.00
# Visual Studio Version 17
VisualStudioVersion = 17.0.31903.59
MinimumVisualStudioVersion = 10.0.40219.1
Project("{2150E333-8FDC-42A3-9474-1A3956D46DE8}") = "src", "src", "{D9368A52-432A-43AD-866D-D94B184E3BB7}"
EndProject
Project("{2150E333-8FDC-42A3-9474-1A3956D46DE8}") = "test", "test", "{037E9FBF-4D12-46C0-BD30-6938B64D59AD}"
EndProject
Project("{FAE04EC0-301F-11D3-BF4B-00C04F79EFBC}") = "Application", "src\Application\Application.csproj", "{5BDAB160-5258-45DA-1CDF-4BFCF367E785}"
EndProject
Project("{FAE04EC0-301F-11D3-BF4B-00C04F79EFBC}") = "Domain", "src\Domain\Domain.csproj", "{87EDA1D2-4B5B-E524-38CE-D0BFCA5F4D6B}"
EndProject
Project("{FAE04EC0-301F-11D3-BF4B-00C04F79EFBC}") = "Infrastructure", "src\Infrastructure\Infrastructure.csproj", "{3D745DFE-AF9A-E111-755D-FD3FFF280728}"
EndProject
Project("{FAE04EC0-301F-11D3-BF4B-00C04F79EFBC}") = "WebVentSoft.API", "src\WebVentSoft.API\WebVentSoft.API.csproj", "{1EDEB6B9-3361-2EB6-F443-EEFA352EB8AF}"
EndProject
Project("{FAE04EC0-301F-11D3-BF4B-00C04F79EFBC}") = "VentSoft.Tests", "test\TestVentSoft.Tests\VentSoft.Tests.csproj", "{D9A46DCF-C3A7-9C16-206E-BDFA44DEFB1E}"
EndProject
Global
	GlobalSection(SolutionConfigurationPlatforms) = preSolution
		Debug|Any CPU = Debug|Any CPU
		Release|Any CPU = Release|Any CPU
	EndGlobalSection
	GlobalSection(ProjectConfigurationPlatforms) = postSolution
		{5BDAB160-5258-45DA-1CDF-4BFCF367E785}.Debug|Any CPU.ActiveCfg = Debug|Any CPU
		{5BDAB160-5258-45DA-1CDF-4BFCF367E785}.Debug|Any CPU.Build.0 = Debug|Any CPU
		{5BDAB160-5258-45DA-1CDF-4BFCF367E785}.Release|Any CPU.ActiveCfg = Release|Any CPU
		{5BDAB160-5258-45DA-1CDF-4BFCF367E785}.Release|Any CPU.Build.0 = Release|Any CPU
		{87EDA1D2-4B5B-E524-38CE-D0BFCA5F4D6B}.Debug|Any CPU.ActiveCfg = Debug|Any CPU
		{87EDA1D2-4B5B-E524-38CE-D0BFCA5F4D6B}.Debug|Any CPU.Build.0 = Debug|Any CPU
		{87EDA1D2-4B5B-E524-38CE-D0BFCA5F4D6B}.Release|Any CPU.ActiveCfg = Release|Any CPU
		{87EDA1D2-4B5B-E524-38CE-D0BFCA5F4D6B}.Release|Any CPU.Build.0 = Release|Any CPU
		{3D745DFE-AF9A-E111-755D-FD3FFF280728}.Debug|Any CPU.ActiveCfg = Debug|Any CPU
		{3D745DFE-AF9A-E111-755D-FD3FFF280728}.Debug|Any CPU.Build.0 = Debug|Any CPU
		{3D745DFE-AF9A-E111-755D-FD3FFF280728}.Release|Any CPU.ActiveCfg = Release|Any CPU
		{3D745DFE-AF9A-E111-755D-FD3FFF280728}.Release|Any CPU.Build.0 = Release|Any CPU
		{1EDEB6B9-3361-2EB6-F443-EEFA352EB8AF}.Debug|Any CPU.ActiveCfg = Debug|Any CPU
		{1EDEB6B9-3361-2EB6-F443-EEFA352EB8AF}.Debug|Any CPU.Build.0 = Debug|Any CPU
		{1EDEB6B9-3361-2EB6-F443-EEFA352EB8AF}.Release|Any CPU.ActiveCfg = Release|Any CPU
		{1EDEB6B9-3361-2EB6-F443-EEFA352EB8AF}.Release|Any CPU.Build.0 = Release|Any CPU
		{D9A46DCF-C3A7-9C16-206E-BDFA44DEFB1E}.Debug|Any CPU.ActiveCfg = Debug|Any CPU
		{D9A46DCF-C3A7-9C16-206E-BDFA44DEFB1E}.Debug|Any CPU.Build.0 = Debug|Any CPU
		{D9A46DCF-C3A7-9C16-206E-BDFA44DEFB1E}.Release|Any CPU.ActiveCfg = Release|Any CPU
		{D9A46DCF-C3A7-9C16-206E-BDFA44DEFB1E}.Release|Any CPU.Build.0 = Release|Any CPU
	EndGlobalSection
	GlobalSection(SolutionProperties) = preSolution
		HideSolutionNode = FALSE
	EndGlobalSection
	GlobalSection(NestedProjects) = preSolution
		{5BDAB160-5258-45DA-1CDF-4BFCF367E785} = {D9368A52-432A-43AD-866D-D94B184E3BB7}
		{87EDA1D2-4B5B-E524-38CE-D0BFCA5F4D6B} = {D9368A52-432A-43AD-866D-D94B184E3BB7}
		{3D745DFE-AF9A-E111-755D-FD3FFF280728} = {D9368A52-432A-43AD-866D-D94B184E3BB7}
		{1EDEB6B9-3361-2EB6-F443-EEFA352EB8AF} = {D9368A52-432A-43AD-866D-D94B184E3BB7}
		{D9A46DCF-C3A7-9C16-206E-BDFA44DEFB1E} = {037E9FBF-4D12-46C0-BD30-6938B64D59AD}
	EndGlobalSection
	GlobalSection(ExtensibilityGlobals) = postSolution
		SolutionGuid = {DCD98164-4CEB-4D52-BA49-2035E1D38374}
	EndGlobalSection
EndGlobal
